
Microsoft Visual Studio Solution File, Format Version 12.00
# Visual Studio 14
VisualStudioVersion = 14.0.23107.0
MinimumVisualStudioVersion = 10.0.40219.1
Project("{FAE04EC0-301F-11D3-BF4B-00C04F79EFBC}") = "Karin", "Karin\Karin.csproj", "{8703DDC3-37A2-41A1-973C-7D2BD58CA50A}"
EndProject
Project("{FAE04EC0-301F-11D3-BF4B-00C04F79EFBC}") = "Karin.BaseConfig", "Karin.BaseConfig\Karin.BaseConfig.csproj", "{F4086A94-545D-42AB-8A42-D5E7E88AD98A}"
EndProject
Project("{FAE04EC0-301F-11D3-BF4B-00C04F79EFBC}") = "Karin.Domain", "Karin.Domain\Karin.Domain.csproj", "{E33768F3-EFD7-4EB9-BFE8-D8EA184D3D15}"
EndProject
Project("{FAE04EC0-301F-11D3-BF4B-00C04F79EFBC}") = "Karin.DataAccess", "Karin.DataAccess\Karin.DataAccess.csproj", "{849BC028-38D5-46AC-A68A-53960A830E1C}"
EndProject
Project("{FAE04EC0-301F-11D3-BF4B-00C04F79EFBC}") = "Karin.UnitTest", "Karin.UnitTest\Karin.UnitTest.csproj", "{BC0F0E8B-F75C-4F77-BC88-00760F4C9F5A}"
EndProject
Project("{FAE04EC0-301F-11D3-BF4B-00C04F79EFBC}") = "Karin.Mapper", "Karin.Mapper\Karin.Mapper.csproj", "{7B449002-55AE-48B9-A584-DFFEB22B40D6}"
EndProject
Project("{FAE04EC0-301F-11D3-BF4B-00C04F79EFBC}") = "Karin.Models", "Karin.Models\Karin.Models.csproj", "{2ACD0942-2744-40FB-8527-B16F24CF1BD9}"
EndProject
Project("{FAE04EC0-301F-11D3-BF4B-00C04F79EFBC}") = "Karin.DomainService", "Karin.DomainService\Karin.DomainService.csproj", "{B96BFE42-BEB2-4D5F-9242-76653815A4C5}"
EndProject
Project("{FAE04EC0-301F-11D3-BF4B-00C04F79EFBC}") = "Karin.Operation", "Karin.Operation\Karin.Operation.csproj", "{28B8BABA-5A7D-4EBE-9C3D-6D6850394F0D}"
EndProject
Project("{FAE04EC0-301F-11D3-BF4B-00C04F79EFBC}") = "Karin.Web", "Karin.Web\Karin.Web.csproj", "{ABBF4CD0-EBFF-47EA-9D61-A25F520C0D6F}"
EndProject
Project("{FAE04EC0-301F-11D3-BF4B-00C04F79EFBC}") = "App_GlobalResource", "App_GlobalResource\App_GlobalResource.csproj", "{99B2DFFF-E9E3-4C23-9B52-EDEC41F80629}"
EndProject
Global
	GlobalSection(SolutionConfigurationPlatforms) = preSolution
		Debug|Any CPU = Debug|Any CPU
		Release|Any CPU = Release|Any CPU
	EndGlobalSection
	GlobalSection(ProjectConfigurationPlatforms) = postSolution
		{8703DDC3-37A2-41A1-973C-7D2BD58CA50A}.Debug|Any CPU.ActiveCfg = Debug|Any CPU
		{8703DDC3-37A2-41A1-973C-7D2BD58CA50A}.Debug|Any CPU.Build.0 = Debug|Any CPU
		{8703DDC3-37A2-41A1-973C-7D2BD58CA50A}.Release|Any CPU.ActiveCfg = Release|Any CPU
		{8703DDC3-37A2-41A1-973C-7D2BD58CA50A}.Release|Any CPU.Build.0 = Release|Any CPU
		{F4086A94-545D-42AB-8A42-D5E7E88AD98A}.Debug|Any CPU.ActiveCfg = Debug|Any CPU
		{F4086A94-545D-42AB-8A42-D5E7E88AD98A}.Debug|Any CPU.Build.0 = Debug|Any CPU
		{F4086A94-545D-42AB-8A42-D5E7E88AD98A}.Release|Any CPU.ActiveCfg = Release|Any CPU
		{F4086A94-545D-42AB-8A42-D5E7E88AD98A}.Release|Any CPU.Build.0 = Release|Any CPU
		{E33768F3-EFD7-4EB9-BFE8-D8EA184D3D15}.Debug|Any CPU.ActiveCfg = Debug|Any CPU
		{E33768F3-EFD7-4EB9-BFE8-D8EA184D3D15}.Debug|Any CPU.Build.0 = Debug|Any CPU
		{E33768F3-EFD7-4EB9-BFE8-D8EA184D3D15}.Release|Any CPU.ActiveCfg = Release|Any CPU
		{E33768F3-EFD7-4EB9-BFE8-D8EA184D3D15}.Release|Any CPU.Build.0 = Release|Any CPU
		{849BC028-38D5-46AC-A68A-53960A830E1C}.Debug|Any CPU.ActiveCfg = Debug|Any CPU
		{849BC028-38D5-46AC-A68A-53960A830E1C}.Debug|Any CPU.Build.0 = Debug|Any CPU
		{849BC028-38D5-46AC-A68A-53960A830E1C}.Release|Any CPU.ActiveCfg = Release|Any CPU
		{849BC028-38D5-46AC-A68A-53960A830E1C}.Release|Any CPU.Build.0 = Release|Any CPU
		{BC0F0E8B-F75C-4F77-BC88-00760F4C9F5A}.Debug|Any CPU.ActiveCfg = Debug|Any CPU
		{BC0F0E8B-F75C-4F77-BC88-00760F4C9F5A}.Debug|Any CPU.Build.0 = Debug|Any CPU
		{BC0F0E8B-F75C-4F77-BC88-00760F4C9F5A}.Release|Any CPU.ActiveCfg = Release|Any CPU
		{BC0F0E8B-F75C-4F77-BC88-00760F4C9F5A}.Release|Any CPU.Build.0 = Release|Any CPU
		{7B449002-55AE-48B9-A584-DFFEB22B40D6}.Debug|Any CPU.ActiveCfg = Debug|Any CPU
		{7B449002-55AE-48B9-A584-DFFEB22B40D6}.Debug|Any CPU.Build.0 = Debug|Any CPU
		{7B449002-55AE-48B9-A584-DFFEB22B40D6}.Release|Any CPU.ActiveCfg = Release|Any CPU
		{7B449002-55AE-48B9-A584-DFFEB22B40D6}.Release|Any CPU.Build.0 = Release|Any CPU
		{2ACD0942-2744-40FB-8527-B16F24CF1BD9}.Debug|Any CPU.ActiveCfg = Debug|Any CPU
		{2ACD0942-2744-40FB-8527-B16F24CF1BD9}.Debug|Any CPU.Build.0 = Debug|Any CPU
		{2ACD0942-2744-40FB-8527-B16F24CF1BD9}.Release|Any CPU.ActiveCfg = Release|Any CPU
		{2ACD0942-2744-40FB-8527-B16F24CF1BD9}.Release|Any CPU.Build.0 = Release|Any CPU
		{B96BFE42-BEB2-4D5F-9242-76653815A4C5}.Debug|Any CPU.ActiveCfg = Debug|Any CPU
		{B96BFE42-BEB2-4D5F-9242-76653815A4C5}.Debug|Any CPU.Build.0 = Debug|Any CPU
		{B96BFE42-BEB2-4D5F-9242-76653815A4C5}.Release|Any CPU.ActiveCfg = Release|Any CPU
		{B96BFE42-BEB2-4D5F-9242-76653815A4C5}.Release|Any CPU.Build.0 = Release|Any CPU
		{28B8BABA-5A7D-4EBE-9C3D-6D6850394F0D}.Debug|Any CPU.ActiveCfg = Debug|Any CPU
		{28B8BABA-5A7D-4EBE-9C3D-6D6850394F0D}.Debug|Any CPU.Build.0 = Debug|Any CPU
		{28B8BABA-5A7D-4EBE-9C3D-6D6850394F0D}.Release|Any CPU.ActiveCfg = Release|Any CPU
		{28B8BABA-5A7D-4EBE-9C3D-6D6850394F0D}.Release|Any CPU.Build.0 = Release|Any CPU
		{ABBF4CD0-EBFF-47EA-9D61-A25F520C0D6F}.Debug|Any CPU.ActiveCfg = Debug|Any CPU
		{ABBF4CD0-EBFF-47EA-9D61-A25F520C0D6F}.Debug|Any CPU.Build.0 = Debug|Any CPU
		{ABBF4CD0-EBFF-47EA-9D61-A25F520C0D6F}.Release|Any CPU.ActiveCfg = Release|Any CPU
		{ABBF4CD0-EBFF-47EA-9D61-A25F520C0D6F}.Release|Any CPU.Build.0 = Release|Any CPU
		{99B2DFFF-E9E3-4C23-9B52-EDEC41F80629}.Debug|Any CPU.ActiveCfg = Debug|Any CPU
		{99B2DFFF-E9E3-4C23-9B52-EDEC41F80629}.Debug|Any CPU.Build.0 = Debug|Any CPU
		{99B2DFFF-E9E3-4C23-9B52-EDEC41F80629}.Release|Any CPU.ActiveCfg = Release|Any CPU
		{99B2DFFF-E9E3-4C23-9B52-EDEC41F80629}.Release|Any CPU.Build.0 = Release|Any CPU
	EndGlobalSection
	GlobalSection(SolutionProperties) = preSolution
		HideSolutionNode = FALSE
	EndGlobalSection
EndGlobal
